{
  "nodes": {
    "nixpkgs": {
      "locked": {
        "lastModified": 1651558728,
        "narHash": "sha256-8HzyRnWlgZluUrVFNOfZAOlA1fghpOSezXvxhalGMUo=",
        "owner": "nixos",
        "repo": "nixpkgs",
        "rev": "cbe587c735b734405f56803e267820ee1559e6c1",
        "type": "github"
      },
      "original": {
        "owner": "nixos",
        "ref": "nixos-unstable",
        "repo": "nixpkgs",
        "type": "github"
      }
    },
    "root": {
      "inputs": {
        "nixpkgs": "nixpkgs",
        "test": "test",
        "utils": "utils"
      }
    },
    "test": {
      "flake": false,
      "locked": {
        "lastModified": 1651652820,
        "narHash": "sha256-/Cvge0mgj6W3IMo9k5BStvH1OksvEk2tUvrUbRR5gQU=",
        "ref": "master",
        "rev": "eefa8bea35651a7254b9cdc5a8ad098429cba676",
        "revCount": 2,
        "type": "git",
        "url": "https://git.franceschino.fr/Lucas/test.git"
      },
      "original": {
        "type": "git",
        "url": "https://git.franceschino.fr/Lucas/test.git"
      }
    },
    "utils": {
      "locked": {
        "lastModified": 1649676176,
        "narHash": "sha256-OWKJratjt2RW151VUlJPRALb7OU2S5s+f0vLj4o1bHM=",
        "owner": "numtide",
        "repo": "flake-utils",
        "rev": "a4b154ebbdc88c8498a5c7b01589addc9e9cb678",
        "type": "github"
      },
      "original": {
        "owner": "numtide",
        "repo": "flake-utils",
        "type": "github"
      }
    }
  },
  "root": "root",
  "version": 7
}
